
Microsoft Visual Studio Solution File, Format Version 12.00
# Visual Studio Version 17
VisualStudioVersion = 17.14.36623.8
MinimumVisualStudioVersion = 10.0.40219.1
Project("{FAE04EC0-301F-11D3-BF4B-00C04F79EFBC}") = "task1", "task1\task1.csproj", "{16D93EF5-222B-4E0B-9374-6A3A5C8C4037}"
EndProject
Project("{FAE04EC0-301F-11D3-BF4B-00C04F79EFBC}") = "task2", "task2\task2.csproj", "{AA68CF3A-6FE0-4368-BDD4-EDA8AAC9AB62}"
EndProject
Project("{FAE04EC0-301F-11D3-BF4B-00C04F79EFBC}") = "task3", "task3\task3.csproj", "{11297943-1EE3-436F-861B-62373F60E093}"
EndProject
Project("{FAE04EC0-301F-11D3-BF4B-00C04F79EFBC}") = "task4", "task4\task4.csproj", "{6EE79473-4E49-4BF0-A149-A765D2EBA941}"
EndProject
Project("{FAE04EC0-301F-11D3-BF4B-00C04F79EFBC}") = "task5", "task5\task5.csproj", "{8FB00A41-AD10-4E0B-9B8E-235918DDB306}"
EndProject
Project("{FAE04EC0-301F-11D3-BF4B-00C04F79EFBC}") = "task6", "task6\task6.csproj", "{EE1DDB6D-BDE9-48CF-ABF5-6452AB851984}"
EndProject
Global
	GlobalSection(SolutionConfigurationPlatforms) = preSolution
		Debug|Any CPU = Debug|Any CPU
		Release|Any CPU = Release|Any CPU
	EndGlobalSection
	GlobalSection(ProjectConfigurationPlatforms) = postSolution
		{16D93EF5-222B-4E0B-9374-6A3A5C8C4037}.Debug|Any CPU.ActiveCfg = Debug|Any CPU
		{16D93EF5-222B-4E0B-9374-6A3A5C8C4037}.Debug|Any CPU.Build.0 = Debug|Any CPU
		{16D93EF5-222B-4E0B-9374-6A3A5C8C4037}.Release|Any CPU.ActiveCfg = Release|Any CPU
		{16D93EF5-222B-4E0B-9374-6A3A5C8C4037}.Release|Any CPU.Build.0 = Release|Any CPU
		{AA68CF3A-6FE0-4368-BDD4-EDA8AAC9AB62}.Debug|Any CPU.ActiveCfg = Debug|Any CPU
		{AA68CF3A-6FE0-4368-BDD4-EDA8AAC9AB62}.Debug|Any CPU.Build.0 = Debug|Any CPU
		{AA68CF3A-6FE0-4368-BDD4-EDA8AAC9AB62}.Release|Any CPU.ActiveCfg = Release|Any CPU
		{AA68CF3A-6FE0-4368-BDD4-EDA8AAC9AB62}.Release|Any CPU.Build.0 = Release|Any CPU
		{11297943-1EE3-436F-861B-62373F60E093}.Debug|Any CPU.ActiveCfg = Debug|Any CPU
		{11297943-1EE3-436F-861B-62373F60E093}.Debug|Any CPU.Build.0 = Debug|Any CPU
		{11297943-1EE3-436F-861B-62373F60E093}.Release|Any CPU.ActiveCfg = Release|Any CPU
		{11297943-1EE3-436F-861B-62373F60E093}.Release|Any CPU.Build.0 = Release|Any CPU
		{6EE79473-4E49-4BF0-A149-A765D2EBA941}.Debug|Any CPU.ActiveCfg = Debug|Any CPU
		{6EE79473-4E49-4BF0-A149-A765D2EBA941}.Debug|Any CPU.Build.0 = Debug|Any CPU
		{6EE79473-4E49-4BF0-A149-A765D2EBA941}.Release|Any CPU.ActiveCfg = Release|Any CPU
		{6EE79473-4E49-4BF0-A149-A765D2EBA941}.Release|Any CPU.Build.0 = Release|Any CPU
		{8FB00A41-AD10-4E0B-9B8E-235918DDB306}.Debug|Any CPU.ActiveCfg = Debug|Any CPU
		{8FB00A41-AD10-4E0B-9B8E-235918DDB306}.Debug|Any CPU.Build.0 = Debug|Any CPU
		{8FB00A41-AD10-4E0B-9B8E-235918DDB306}.Release|Any CPU.ActiveCfg = Release|Any CPU
		{8FB00A41-AD10-4E0B-9B8E-235918DDB306}.Release|Any CPU.Build.0 = Release|Any CPU
		{EE1DDB6D-BDE9-48CF-ABF5-6452AB851984}.Debug|Any CPU.ActiveCfg = Debug|Any CPU
		{EE1DDB6D-BDE9-48CF-ABF5-6452AB851984}.Debug|Any CPU.Build.0 = Debug|Any CPU
		{EE1DDB6D-BDE9-48CF-ABF5-6452AB851984}.Release|Any CPU.ActiveCfg = Release|Any CPU
		{EE1DDB6D-BDE9-48CF-ABF5-6452AB851984}.Release|Any CPU.Build.0 = Release|Any CPU
	EndGlobalSection
	GlobalSection(SolutionProperties) = preSolution
		HideSolutionNode = FALSE
	EndGlobalSection
	GlobalSection(ExtensibilityGlobals) = postSolution
		SolutionGuid = {8D16BEA6-8822-4D79-A6B1-BCA162A0B40D}
	EndGlobalSection
EndGlobal
